
Microsoft Visual Studio Solution File, Format Version 12.00
# Visual Studio Version 17
VisualStudioVersion = 17.0.31903.59
MinimumVisualStudioVersion = 10.0.40219.1
Project("{2150E333-8FDC-42A3-9474-1A3956D46DE8}") = "src", "src", "{A2910F94-62AF-4082-A7F8-9F0C1D07E786}"
EndProject
Project("{2150E333-8FDC-42A3-9474-1A3956D46DE8}") = "test", "test", "{5A1FD7D1-8279-4D8B-A9A3-00A3C5452361}"
EndProject
Project("{9A19103F-16F7-4668-BE54-9A1E7A4F7556}") = "ServiceHost", "src\ServiceHost\ServiceHost.csproj", "{3003092D-6C64-40D2-B4F3-CBC745520A40}"
EndProject
Project("{9A19103F-16F7-4668-BE54-9A1E7A4F7556}") = "0_Framework", "src\0_Framework\0_Framework.csproj", "{97A57CB6-D9C2-4749-BFC5-3C2876EBFAB8}"
EndProject
Project("{9A19103F-16F7-4668-BE54-9A1E7A4F7556}") = "1_LampShadeQuery", "src\1_LampShadeQuery\1_LampShadeQuery.csproj", "{94578EFA-8FDF-4F24-BD13-579A552B9C0E}"
EndProject
Project("{2150E333-8FDC-42A3-9474-1A3956D46DE8}") = "AccountManagement", "AccountManagement", "{18FCA44E-2435-452C-BDC0-29E920F61CDC}"
EndProject
Project("{2150E333-8FDC-42A3-9474-1A3956D46DE8}") = "AM.Application", "AM.Application", "{091A6DEF-EF65-4B8D-A2F5-4D3A3D2D5ACE}"
EndProject
Project("{2150E333-8FDC-42A3-9474-1A3956D46DE8}") = "AM.Domain", "AM.Domain", "{2F5C7F3D-0EB2-4D7A-B362-E3C888866A48}"
EndProject
Project("{2150E333-8FDC-42A3-9474-1A3956D46DE8}") = "AM.Infrastructure", "AM.Infrastructure", "{D79C66D2-3EEE-47D6-874C-3CC381C972E8}"
EndProject
Project("{9A19103F-16F7-4668-BE54-9A1E7A4F7556}") = "AccountManagement.Application", "src\AccountManagement\AM.Application\AccountManagement.Application\AccountManagement.Application.csproj", "{7388D408-5454-4301-BC46-899744E1FE10}"
EndProject
Project("{9A19103F-16F7-4668-BE54-9A1E7A4F7556}") = "AccountManagement.Application.Contracts", "src\AccountManagement\AM.Application\AccountManagement.Application.Contracts\AccountManagement.Application.Contracts.csproj", "{D5D9DF0D-01A5-4186-8B04-33CCE2DAC95F}"
EndProject
Project("{9A19103F-16F7-4668-BE54-9A1E7A4F7556}") = "AccountManagement.Domain", "src\AccountManagement\AM.Domain\AccountManagement.Domain\AccountManagement.Domain.csproj", "{74A17AE4-E369-4FBA-9F4F-650C80A24AAD}"
EndProject
Project("{9A19103F-16F7-4668-BE54-9A1E7A4F7556}") = "AccountManagement.Infrastructure.Configuration", "src\AccountManagement\AM.Infrastructure\AccountManagement.Infrastructure.Configuration\AccountManagement.Infrastructure.Configuration.csproj", "{FF35D66B-DAE5-451A-9B79-EC1D71FE9F85}"
EndProject
Project("{9A19103F-16F7-4668-BE54-9A1E7A4F7556}") = "AccountManagement.Infrastructure.EFCore", "src\AccountManagement\AM.Infrastructure\AccountManagement.Infrastructure.EFCore\AccountManagement.Infrastructure.EFCore.csproj", "{C3019CA3-0190-40EB-AD95-1927CA7E6FF6}"
EndProject
Project("{2150E333-8FDC-42A3-9474-1A3956D46DE8}") = "BlogManagement", "BlogManagement", "{982E797E-2B73-498B-BB51-89B66E0C7BB7}"
EndProject
Project("{2150E333-8FDC-42A3-9474-1A3956D46DE8}") = "BM.Application", "BM.Application", "{8BA925AB-907D-4F40-90AA-590A1D6407AC}"
EndProject
Project("{2150E333-8FDC-42A3-9474-1A3956D46DE8}") = "BM.Domain", "BM.Domain", "{7974D665-DDE7-46DA-9D66-9D67D568DDC2}"
EndProject
Project("{2150E333-8FDC-42A3-9474-1A3956D46DE8}") = "BM.Infrastructure", "BM.Infrastructure", "{402DCD95-FAC3-4ECB-90DA-1049DE850E3F}"
EndProject
Project("{9A19103F-16F7-4668-BE54-9A1E7A4F7556}") = "BlogManagement.Application", "src\BlogManagement\BM.Application\BlogManagement.Application\BlogManagement.Application.csproj", "{B56DFDEA-539E-4898-BFF4-93791F1B46D6}"
EndProject
Project("{9A19103F-16F7-4668-BE54-9A1E7A4F7556}") = "BlogManagement.Application.Contracts", "src\BlogManagement\BM.Application\BlogManagement.Application.Contracts\BlogManagement.Application.Contracts.csproj", "{29D821E9-5E16-45C6-9800-97AC1908131A}"
EndProject
Project("{9A19103F-16F7-4668-BE54-9A1E7A4F7556}") = "BlogManagement.Domain", "src\BlogManagement\BM.Domain\BlogManagement.Domain\BlogManagement.Domain.csproj", "{0C1840B2-7C17-4A9F-81EE-BF657A6E7A11}"
EndProject
Project("{9A19103F-16F7-4668-BE54-9A1E7A4F7556}") = "BlogManagement.Infrastructure.Configuration", "src\BlogManagement\BM.Infrastructure\BlogManagement.Infrastructure.Configuration\BlogManagement.Infrastructure.Configuration.csproj", "{831D8794-6093-405B-9D03-707A456F92EE}"
EndProject
Project("{9A19103F-16F7-4668-BE54-9A1E7A4F7556}") = "BlogManagement.Infrastructure.EFCore", "src\BlogManagement\BM.Infrastructure\BlogManagement.Infrastructure.EFCore\BlogManagement.Infrastructure.EFCore.csproj", "{A696C92F-D670-41EA-8EAE-64E1EC8EB1ED}"
EndProject
Project("{2150E333-8FDC-42A3-9474-1A3956D46DE8}") = "CommentManagement", "CommentManagement", "{FE3A6D33-C6D9-439B-9AD6-B10F5EE7F45A}"
EndProject
Project("{2150E333-8FDC-42A3-9474-1A3956D46DE8}") = "CM.Application", "CM.Application", "{A842E66A-C673-4E94-9D0A-7C41CDC0A27C}"
EndProject
Project("{2150E333-8FDC-42A3-9474-1A3956D46DE8}") = "CM.Domain", "CM.Domain", "{766E4260-7AE1-49B9-96F1-E54D66D3BD47}"
EndProject
Project("{2150E333-8FDC-42A3-9474-1A3956D46DE8}") = "CM.Infrastructure", "CM.Infrastructure", "{709DF07E-309F-4450-B762-CDF8D4899A7F}"
EndProject
Project("{9A19103F-16F7-4668-BE54-9A1E7A4F7556}") = "CommentManagement.Application", "src\CommentManagement\CM.Application\CommentManagement.Application\CommentManagement.Application.csproj", "{5CD7DA69-B2D4-4467-A818-A045B178F1A1}"
EndProject
Project("{9A19103F-16F7-4668-BE54-9A1E7A4F7556}") = "CommentManagement.Application.Contracts", "src\CommentManagement\CM.Application\CommentManagement.Application.Contracts\CommentManagement.Application.Contracts.csproj", "{7C2028C6-D0C7-4225-AEF6-708AEF0437EA}"
EndProject
Project("{9A19103F-16F7-4668-BE54-9A1E7A4F7556}") = "CommentManagement.Domain", "src\CommentManagement\CM.Domain\CommentManagement.Domain\CommentManagement.Domain.csproj", "{BF773920-3A6D-426C-A2A0-27B80ED648A9}"
EndProject
Project("{9A19103F-16F7-4668-BE54-9A1E7A4F7556}") = "CommentManagement.Infrastructure.Configuration", "src\CommentManagement\CM.Infrastructure\CommentManagement.Infrastructure.Configuration\CommentManagement.Infrastructure.Configuration.csproj", "{5EB983AE-BBC2-496F-B613-8AF43CFE6940}"
EndProject
Project("{9A19103F-16F7-4668-BE54-9A1E7A4F7556}") = "CommentManagement.Infrastructure.EFCore", "src\CommentManagement\CM.Infrastructure\CommentManagement.Infrastructure.EFCore\CommentManagement.Infrastructure.EFCore.csproj", "{1B7B5D22-6382-4F8C-8A37-B13B8642D221}"
EndProject
Project("{2150E333-8FDC-42A3-9474-1A3956D46DE8}") = "DiscountManagement", "DiscountManagement", "{C455918A-69A0-4ECA-8FF9-E6CB12487981}"
EndProject
Project("{2150E333-8FDC-42A3-9474-1A3956D46DE8}") = "DM.Application", "DM.Application", "{51E47F7B-A3B6-4C75-BE4F-2AF1B4F22B17}"
EndProject
Project("{2150E333-8FDC-42A3-9474-1A3956D46DE8}") = "DM.Domain", "DM.Domain", "{D10EE57B-F88C-4330-913B-C06ADF763D30}"
EndProject
Project("{2150E333-8FDC-42A3-9474-1A3956D46DE8}") = "DM.Infrastructure", "DM.Infrastructure", "{815A1699-F4D9-4DC5-8D62-B359AA033484}"
EndProject
Project("{9A19103F-16F7-4668-BE54-9A1E7A4F7556}") = "DiscountManagement.Application", "src\DiscountManagement\DM.Application\DiscountManagement.Application\DiscountManagement.Application.csproj", "{AC5BD77E-274B-40AD-8786-DA33DEB10956}"
EndProject
Project("{9A19103F-16F7-4668-BE54-9A1E7A4F7556}") = "DiscountManagement.Application.Contracts", "src\DiscountManagement\DM.Application\DiscountManagement.Application.Contracts\DiscountManagement.Application.Contracts.csproj", "{428F7AE7-93E7-469E-9EF4-498155D3B84F}"
EndProject
Project("{9A19103F-16F7-4668-BE54-9A1E7A4F7556}") = "DiscountManagement.Domain", "src\DiscountManagement\DM.Domain\DiscountManagement.Domain\DiscountManagement.Domain.csproj", "{295ADEE5-F159-459F-B12E-A7A1A0576341}"
EndProject
Project("{9A19103F-16F7-4668-BE54-9A1E7A4F7556}") = "DiscountManagement.Infrastructure.Configuration", "src\DiscountManagement\DM.Infrastructure\CustomerDiscount.Infrastructure.Configuration\DiscountManagement.Infrastructure.Configuration.csproj", "{54CBF407-99F6-44FF-8584-9695419A0E62}"
EndProject
Project("{9A19103F-16F7-4668-BE54-9A1E7A4F7556}") = "DiscountManagement.Infrastructure.EFCore", "src\DiscountManagement\DM.Infrastructure\CustomerDiscount.Infrastructure.EFCore\DiscountManagement.Infrastructure.EFCore.csproj", "{90411897-B048-4CF9-8286-94FD6D6775A0}"
EndProject
Project("{2150E333-8FDC-42A3-9474-1A3956D46DE8}") = "InventoryManagement", "InventoryManagement", "{498B95FE-EB9F-4E77-8918-5158B267B464}"
EndProject
Project("{2150E333-8FDC-42A3-9474-1A3956D46DE8}") = "IM.Application", "IM.Application", "{BB6989D1-2D42-4A63-89C0-8344C529A91C}"
EndProject
Project("{2150E333-8FDC-42A3-9474-1A3956D46DE8}") = "IM.Domain", "IM.Domain", "{B0C6F7E8-FF25-4029-A804-603C17F8A802}"
EndProject
Project("{2150E333-8FDC-42A3-9474-1A3956D46DE8}") = "IM.Infrastructure", "IM.Infrastructure", "{0EEDA3B1-FD5B-43A9-8EC6-6447DC8642BE}"
EndProject
Project("{9A19103F-16F7-4668-BE54-9A1E7A4F7556}") = "InventoryManagement.Application", "src\InventoryManagement\IM.Application\InventoryManagement.Application\InventoryManagement.Application.csproj", "{8326E7A7-4DBC-4562-8014-D206B5B22C8E}"
EndProject
Project("{9A19103F-16F7-4668-BE54-9A1E7A4F7556}") = "InventoryManagement.Application.Contracts", "src\InventoryManagement\IM.Application\InventoryManagement.Application.Contracts\InventoryManagement.Application.Contracts.csproj", "{DCF813AE-BEC6-47C3-86FE-EB138022DCBD}"
EndProject
Project("{9A19103F-16F7-4668-BE54-9A1E7A4F7556}") = "InventoryManagement.Domain", "src\InventoryManagement\IM.Domain\InventoryManagement.Domain\InventoryManagement.Domain.csproj", "{D6066E70-09A3-410E-9877-5854616F4458}"
EndProject
Project("{9A19103F-16F7-4668-BE54-9A1E7A4F7556}") = "InventoryManagement.Infrastructure.Configuration", "src\InventoryManagement\IM.Infrastructure\InventoryManagement.Infrastructure.Configuration\InventoryManagement.Infrastructure.Configuration.csproj", "{F698E80D-889E-4A43-97F5-AAB71765C137}"
EndProject
Project("{9A19103F-16F7-4668-BE54-9A1E7A4F7556}") = "InventoryManagement.Infrastructure.EFCore", "src\InventoryManagement\IM.Infrastructure\InventoryManagement.Infrastructure.EFCore\InventoryManagement.Infrastructure.EFCore.csproj", "{3BA8B221-3835-4C45-8E51-225E15310DBF}"
EndProject
Project("{2150E333-8FDC-42A3-9474-1A3956D46DE8}") = "ShopManagement", "ShopManagement", "{7CC100A1-0C9F-40DA-BDF5-5983FA0A336A}"
EndProject
Project("{2150E333-8FDC-42A3-9474-1A3956D46DE8}") = "SM.Application", "SM.Application", "{72E61175-D109-4B62-8593-29AF9A75029F}"
EndProject
Project("{2150E333-8FDC-42A3-9474-1A3956D46DE8}") = "SM.Domain", "SM.Domain", "{BD6D195F-26F3-4E08-8ACF-197A6FEB655F}"
EndProject
Project("{2150E333-8FDC-42A3-9474-1A3956D46DE8}") = "SM.Infrastructure", "SM.Infrastructure", "{B914DEC7-C097-485D-AF65-CBEE5FE04EF9}"
EndProject
Project("{9A19103F-16F7-4668-BE54-9A1E7A4F7556}") = "ShopManagement.Application", "src\ShopManagement\SM.Application\ShopManagement.Application\ShopManagement.Application.csproj", "{8323EA1C-8AC4-444B-B10C-8995C14E84A3}"
EndProject
Project("{9A19103F-16F7-4668-BE54-9A1E7A4F7556}") = "ShopManagement.Application.Contracts", "src\ShopManagement\SM.Application\ShopManagement.Applictation.Contracts\ShopManagement.Application.Contracts.csproj", "{4688359F-5435-4FC5-A972-F38F4111C4FD}"
EndProject
Project("{9A19103F-16F7-4668-BE54-9A1E7A4F7556}") = "ShopManagement.Domain", "src\ShopManagement\SM.Domain\ShopManagment.Domain\ShopManagement.Domain.csproj", "{23DBEF6E-65C4-4AD8-82AE-C19C5F4F13CE}"
EndProject
Project("{9A19103F-16F7-4668-BE54-9A1E7A4F7556}") = "ShopManagement.Infrastructure.Configuration", "src\ShopManagement\SM.Infrastructure\ShopManagement.Infrastructure.Configuration\ShopManagement.Infrastructure.Configuration.csproj", "{B9EA8E98-4D61-48B2-96EF-979ED3A5042D}"
EndProject
Project("{9A19103F-16F7-4668-BE54-9A1E7A4F7556}") = "ShopManagement.Infrastructure.EFCore", "src\ShopManagement\SM.Infrastructure\ShopManagement.Infrastructure.EFCore\ShopManagement.Infrastructure.EFCore.csproj", "{D4CD1412-1774-4A94-B914-B0C6FCC2A4C6}"
EndProject
Project("{9A19103F-16F7-4668-BE54-9A1E7A4F7556}") = "ShopManagement.Infrastructure.InventoryAcl", "src\ShopManagement\SM.Infrastructure\ShopManagement.Infrastructure.InventoryAcl\ShopManagement.Infrastructure.InventoryAcl.csproj", "{81FC086E-8A48-42AD-B66D-1801B003624C}"
EndProject
Project("{2150E333-8FDC-42A3-9474-1A3956D46DE8}") = "ShopManagement", "ShopManagement", "{8DFCB694-9CF3-421B-B2AC-02686995CD77}"
EndProject
Project("{2150E333-8FDC-42A3-9474-1A3956D46DE8}") = "SM.Domain", "SM.Domain", "{D08C5016-8958-4CF4-BA5F-0E91562AB870}"
EndProject
Project("{FAE04EC0-301F-11D3-BF4B-00C04F79EFBC}") = "ShopManagment.Domain.Tests.Unit", "test\ShopManagement\SM.Domain\ShopManagment.Domain.Tests.Unit\ShopManagment.Domain.Tests.Unit.csproj", "{74EFA88D-F36B-4739-A59E-BE45AFC1F9C0}"
EndProject
Project("{2150E333-8FDC-42A3-9474-1A3956D46DE8}") = "SM.Infrastructure", "SM.Infrastructure", "{C3AD27E3-379E-4361-BEA2-A478C36F10D6}"
EndProject
Project("{FAE04EC0-301F-11D3-BF4B-00C04F79EFBC}") = "ShopManagment.Infrastructure.Tests.Unit", "test\ShopManagement\SM.Infrasturcture\ShopManagment.Infrastructure.Tests.Unit\ShopManagment.Infrastructure.Tests.Unit.csproj", "{900C73DB-80B7-406C-8901-DC07C27A6587}"
EndProject
Global
	GlobalSection(SolutionConfigurationPlatforms) = preSolution
		Debug|Any CPU = Debug|Any CPU
		Release|Any CPU = Release|Any CPU
	EndGlobalSection
	GlobalSection(ProjectConfigurationPlatforms) = postSolution
		{3003092D-6C64-40D2-B4F3-CBC745520A40}.Debug|Any CPU.ActiveCfg = Debug|Any CPU
		{3003092D-6C64-40D2-B4F3-CBC745520A40}.Debug|Any CPU.Build.0 = Debug|Any CPU
		{3003092D-6C64-40D2-B4F3-CBC745520A40}.Release|Any CPU.ActiveCfg = Release|Any CPU
		{3003092D-6C64-40D2-B4F3-CBC745520A40}.Release|Any CPU.Build.0 = Release|Any CPU
		{97A57CB6-D9C2-4749-BFC5-3C2876EBFAB8}.Debug|Any CPU.ActiveCfg = Debug|Any CPU
		{97A57CB6-D9C2-4749-BFC5-3C2876EBFAB8}.Debug|Any CPU.Build.0 = Debug|Any CPU
		{97A57CB6-D9C2-4749-BFC5-3C2876EBFAB8}.Release|Any CPU.ActiveCfg = Release|Any CPU
		{97A57CB6-D9C2-4749-BFC5-3C2876EBFAB8}.Release|Any CPU.Build.0 = Release|Any CPU
		{94578EFA-8FDF-4F24-BD13-579A552B9C0E}.Debug|Any CPU.ActiveCfg = Debug|Any CPU
		{94578EFA-8FDF-4F24-BD13-579A552B9C0E}.Debug|Any CPU.Build.0 = Debug|Any CPU
		{94578EFA-8FDF-4F24-BD13-579A552B9C0E}.Release|Any CPU.ActiveCfg = Release|Any CPU
		{94578EFA-8FDF-4F24-BD13-579A552B9C0E}.Release|Any CPU.Build.0 = Release|Any CPU
		{7388D408-5454-4301-BC46-899744E1FE10}.Debug|Any CPU.ActiveCfg = Debug|Any CPU
		{7388D408-5454-4301-BC46-899744E1FE10}.Debug|Any CPU.Build.0 = Debug|Any CPU
		{7388D408-5454-4301-BC46-899744E1FE10}.Release|Any CPU.ActiveCfg = Release|Any CPU
		{7388D408-5454-4301-BC46-899744E1FE10}.Release|Any CPU.Build.0 = Release|Any CPU
		{D5D9DF0D-01A5-4186-8B04-33CCE2DAC95F}.Debug|Any CPU.ActiveCfg = Debug|Any CPU
		{D5D9DF0D-01A5-4186-8B04-33CCE2DAC95F}.Debug|Any CPU.Build.0 = Debug|Any CPU
		{D5D9DF0D-01A5-4186-8B04-33CCE2DAC95F}.Release|Any CPU.ActiveCfg = Release|Any CPU
		{D5D9DF0D-01A5-4186-8B04-33CCE2DAC95F}.Release|Any CPU.Build.0 = Release|Any CPU
		{74A17AE4-E369-4FBA-9F4F-650C80A24AAD}.Debug|Any CPU.ActiveCfg = Debug|Any CPU
		{74A17AE4-E369-4FBA-9F4F-650C80A24AAD}.Debug|Any CPU.Build.0 = Debug|Any CPU
		{74A17AE4-E369-4FBA-9F4F-650C80A24AAD}.Release|Any CPU.ActiveCfg = Release|Any CPU
		{74A17AE4-E369-4FBA-9F4F-650C80A24AAD}.Release|Any CPU.Build.0 = Release|Any CPU
		{FF35D66B-DAE5-451A-9B79-EC1D71FE9F85}.Debug|Any CPU.ActiveCfg = Debug|Any CPU
		{FF35D66B-DAE5-451A-9B79-EC1D71FE9F85}.Debug|Any CPU.Build.0 = Debug|Any CPU
		{FF35D66B-DAE5-451A-9B79-EC1D71FE9F85}.Release|Any CPU.ActiveCfg = Release|Any CPU
		{FF35D66B-DAE5-451A-9B79-EC1D71FE9F85}.Release|Any CPU.Build.0 = Release|Any CPU
		{C3019CA3-0190-40EB-AD95-1927CA7E6FF6}.Debug|Any CPU.ActiveCfg = Debug|Any CPU
		{C3019CA3-0190-40EB-AD95-1927CA7E6FF6}.Debug|Any CPU.Build.0 = Debug|Any CPU
		{C3019CA3-0190-40EB-AD95-1927CA7E6FF6}.Release|Any CPU.ActiveCfg = Release|Any CPU
		{C3019CA3-0190-40EB-AD95-1927CA7E6FF6}.Release|Any CPU.Build.0 = Release|Any CPU
		{B56DFDEA-539E-4898-BFF4-93791F1B46D6}.Debug|Any CPU.ActiveCfg = Debug|Any CPU
		{B56DFDEA-539E-4898-BFF4-93791F1B46D6}.Debug|Any CPU.Build.0 = Debug|Any CPU
		{B56DFDEA-539E-4898-BFF4-93791F1B46D6}.Release|Any CPU.ActiveCfg = Release|Any CPU
		{B56DFDEA-539E-4898-BFF4-93791F1B46D6}.Release|Any CPU.Build.0 = Release|Any CPU
		{29D821E9-5E16-45C6-9800-97AC1908131A}.Debug|Any CPU.ActiveCfg = Debug|Any CPU
		{29D821E9-5E16-45C6-9800-97AC1908131A}.Debug|Any CPU.Build.0 = Debug|Any CPU
		{29D821E9-5E16-45C6-9800-97AC1908131A}.Release|Any CPU.ActiveCfg = Release|Any CPU
		{29D821E9-5E16-45C6-9800-97AC1908131A}.Release|Any CPU.Build.0 = Release|Any CPU
		{0C1840B2-7C17-4A9F-81EE-BF657A6E7A11}.Debug|Any CPU.ActiveCfg = Debug|Any CPU
		{0C1840B2-7C17-4A9F-81EE-BF657A6E7A11}.Debug|Any CPU.Build.0 = Debug|Any CPU
		{0C1840B2-7C17-4A9F-81EE-BF657A6E7A11}.Release|Any CPU.ActiveCfg = Release|Any CPU
		{0C1840B2-7C17-4A9F-81EE-BF657A6E7A11}.Release|Any CPU.Build.0 = Release|Any CPU
		{831D8794-6093-405B-9D03-707A456F92EE}.Debug|Any CPU.ActiveCfg = Debug|Any CPU
		{831D8794-6093-405B-9D03-707A456F92EE}.Debug|Any CPU.Build.0 = Debug|Any CPU
		{831D8794-6093-405B-9D03-707A456F92EE}.Release|Any CPU.ActiveCfg = Release|Any CPU
		{831D8794-6093-405B-9D03-707A456F92EE}.Release|Any CPU.Build.0 = Release|Any CPU
		{A696C92F-D670-41EA-8EAE-64E1EC8EB1ED}.Debug|Any CPU.ActiveCfg = Debug|Any CPU
		{A696C92F-D670-41EA-8EAE-64E1EC8EB1ED}.Debug|Any CPU.Build.0 = Debug|Any CPU
		{A696C92F-D670-41EA-8EAE-64E1EC8EB1ED}.Release|Any CPU.ActiveCfg = Release|Any CPU
		{A696C92F-D670-41EA-8EAE-64E1EC8EB1ED}.Release|Any CPU.Build.0 = Release|Any CPU
		{5CD7DA69-B2D4-4467-A818-A045B178F1A1}.Debug|Any CPU.ActiveCfg = Debug|Any CPU
		{5CD7DA69-B2D4-4467-A818-A045B178F1A1}.Debug|Any CPU.Build.0 = Debug|Any CPU
		{5CD7DA69-B2D4-4467-A818-A045B178F1A1}.Release|Any CPU.ActiveCfg = Release|Any CPU
		{5CD7DA69-B2D4-4467-A818-A045B178F1A1}.Release|Any CPU.Build.0 = Release|Any CPU
		{7C2028C6-D0C7-4225-AEF6-708AEF0437EA}.Debug|Any CPU.ActiveCfg = Debug|Any CPU
		{7C2028C6-D0C7-4225-AEF6-708AEF0437EA}.Debug|Any CPU.Build.0 = Debug|Any CPU
		{7C2028C6-D0C7-4225-AEF6-708AEF0437EA}.Release|Any CPU.ActiveCfg = Release|Any CPU
		{7C2028C6-D0C7-4225-AEF6-708AEF0437EA}.Release|Any CPU.Build.0 = Release|Any CPU
		{BF773920-3A6D-426C-A2A0-27B80ED648A9}.Debug|Any CPU.ActiveCfg = Debug|Any CPU
		{BF773920-3A6D-426C-A2A0-27B80ED648A9}.Debug|Any CPU.Build.0 = Debug|Any CPU
		{BF773920-3A6D-426C-A2A0-27B80ED648A9}.Release|Any CPU.ActiveCfg = Release|Any CPU
		{BF773920-3A6D-426C-A2A0-27B80ED648A9}.Release|Any CPU.Build.0 = Release|Any CPU
		{5EB983AE-BBC2-496F-B613-8AF43CFE6940}.Debug|Any CPU.ActiveCfg = Debug|Any CPU
		{5EB983AE-BBC2-496F-B613-8AF43CFE6940}.Debug|Any CPU.Build.0 = Debug|Any CPU
		{5EB983AE-BBC2-496F-B613-8AF43CFE6940}.Release|Any CPU.ActiveCfg = Release|Any CPU
		{5EB983AE-BBC2-496F-B613-8AF43CFE6940}.Release|Any CPU.Build.0 = Release|Any CPU
		{1B7B5D22-6382-4F8C-8A37-B13B8642D221}.Debug|Any CPU.ActiveCfg = Debug|Any CPU
		{1B7B5D22-6382-4F8C-8A37-B13B8642D221}.Debug|Any CPU.Build.0 = Debug|Any CPU
		{1B7B5D22-6382-4F8C-8A37-B13B8642D221}.Release|Any CPU.ActiveCfg = Release|Any CPU
		{1B7B5D22-6382-4F8C-8A37-B13B8642D221}.Release|Any CPU.Build.0 = Release|Any CPU
		{AC5BD77E-274B-40AD-8786-DA33DEB10956}.Debug|Any CPU.ActiveCfg = Debug|Any CPU
		{AC5BD77E-274B-40AD-8786-DA33DEB10956}.Debug|Any CPU.Build.0 = Debug|Any CPU
		{AC5BD77E-274B-40AD-8786-DA33DEB10956}.Release|Any CPU.ActiveCfg = Release|Any CPU
		{AC5BD77E-274B-40AD-8786-DA33DEB10956}.Release|Any CPU.Build.0 = Release|Any CPU
		{428F7AE7-93E7-469E-9EF4-498155D3B84F}.Debug|Any CPU.ActiveCfg = Debug|Any CPU
		{428F7AE7-93E7-469E-9EF4-498155D3B84F}.Debug|Any CPU.Build.0 = Debug|Any CPU
		{428F7AE7-93E7-469E-9EF4-498155D3B84F}.Release|Any CPU.ActiveCfg = Release|Any CPU
		{428F7AE7-93E7-469E-9EF4-498155D3B84F}.Release|Any CPU.Build.0 = Release|Any CPU
		{295ADEE5-F159-459F-B12E-A7A1A0576341}.Debug|Any CPU.ActiveCfg = Debug|Any CPU
		{295ADEE5-F159-459F-B12E-A7A1A0576341}.Debug|Any CPU.Build.0 = Debug|Any CPU
		{295ADEE5-F159-459F-B12E-A7A1A0576341}.Release|Any CPU.ActiveCfg = Release|Any CPU
		{295ADEE5-F159-459F-B12E-A7A1A0576341}.Release|Any CPU.Build.0 = Release|Any CPU
		{54CBF407-99F6-44FF-8584-9695419A0E62}.Debug|Any CPU.ActiveCfg = Debug|Any CPU
		{54CBF407-99F6-44FF-8584-9695419A0E62}.Debug|Any CPU.Build.0 = Debug|Any CPU
		{54CBF407-99F6-44FF-8584-9695419A0E62}.Release|Any CPU.ActiveCfg = Release|Any CPU
		{54CBF407-99F6-44FF-8584-9695419A0E62}.Release|Any CPU.Build.0 = Release|Any CPU
		{90411897-B048-4CF9-8286-94FD6D6775A0}.Debug|Any CPU.ActiveCfg = Debug|Any CPU
		{90411897-B048-4CF9-8286-94FD6D6775A0}.Debug|Any CPU.Build.0 = Debug|Any CPU
		{90411897-B048-4CF9-8286-94FD6D6775A0}.Release|Any CPU.ActiveCfg = Release|Any CPU
		{90411897-B048-4CF9-8286-94FD6D6775A0}.Release|Any CPU.Build.0 = Release|Any CPU
		{8326E7A7-4DBC-4562-8014-D206B5B22C8E}.Debug|Any CPU.ActiveCfg = Debug|Any CPU
		{8326E7A7-4DBC-4562-8014-D206B5B22C8E}.Debug|Any CPU.Build.0 = Debug|Any CPU
		{8326E7A7-4DBC-4562-8014-D206B5B22C8E}.Release|Any CPU.ActiveCfg = Release|Any CPU
		{8326E7A7-4DBC-4562-8014-D206B5B22C8E}.Release|Any CPU.Build.0 = Release|Any CPU
		{DCF813AE-BEC6-47C3-86FE-EB138022DCBD}.Debug|Any CPU.ActiveCfg = Debug|Any CPU
		{DCF813AE-BEC6-47C3-86FE-EB138022DCBD}.Debug|Any CPU.Build.0 = Debug|Any CPU
		{DCF813AE-BEC6-47C3-86FE-EB138022DCBD}.Release|Any CPU.ActiveCfg = Release|Any CPU
		{DCF813AE-BEC6-47C3-86FE-EB138022DCBD}.Release|Any CPU.Build.0 = Release|Any CPU
		{D6066E70-09A3-410E-9877-5854616F4458}.Debug|Any CPU.ActiveCfg = Debug|Any CPU
		{D6066E70-09A3-410E-9877-5854616F4458}.Debug|Any CPU.Build.0 = Debug|Any CPU
		{D6066E70-09A3-410E-9877-5854616F4458}.Release|Any CPU.ActiveCfg = Release|Any CPU
		{D6066E70-09A3-410E-9877-5854616F4458}.Release|Any CPU.Build.0 = Release|Any CPU
		{F698E80D-889E-4A43-97F5-AAB71765C137}.Debug|Any CPU.ActiveCfg = Debug|Any CPU
		{F698E80D-889E-4A43-97F5-AAB71765C137}.Debug|Any CPU.Build.0 = Debug|Any CPU
		{F698E80D-889E-4A43-97F5-AAB71765C137}.Release|Any CPU.ActiveCfg = Release|Any CPU
		{F698E80D-889E-4A43-97F5-AAB71765C137}.Release|Any CPU.Build.0 = Release|Any CPU
		{3BA8B221-3835-4C45-8E51-225E15310DBF}.Debug|Any CPU.ActiveCfg = Debug|Any CPU
		{3BA8B221-3835-4C45-8E51-225E15310DBF}.Debug|Any CPU.Build.0 = Debug|Any CPU
		{3BA8B221-3835-4C45-8E51-225E15310DBF}.Release|Any CPU.ActiveCfg = Release|Any CPU
		{3BA8B221-3835-4C45-8E51-225E15310DBF}.Release|Any CPU.Build.0 = Release|Any CPU
		{8323EA1C-8AC4-444B-B10C-8995C14E84A3}.Debug|Any CPU.ActiveCfg = Debug|Any CPU
		{8323EA1C-8AC4-444B-B10C-8995C14E84A3}.Debug|Any CPU.Build.0 = Debug|Any CPU
		{8323EA1C-8AC4-444B-B10C-8995C14E84A3}.Release|Any CPU.ActiveCfg = Release|Any CPU
		{8323EA1C-8AC4-444B-B10C-8995C14E84A3}.Release|Any CPU.Build.0 = Release|Any CPU
		{4688359F-5435-4FC5-A972-F38F4111C4FD}.Debug|Any CPU.ActiveCfg = Debug|Any CPU
		{4688359F-5435-4FC5-A972-F38F4111C4FD}.Debug|Any CPU.Build.0 = Debug|Any CPU
		{4688359F-5435-4FC5-A972-F38F4111C4FD}.Release|Any CPU.ActiveCfg = Release|Any CPU
		{4688359F-5435-4FC5-A972-F38F4111C4FD}.Release|Any CPU.Build.0 = Release|Any CPU
		{23DBEF6E-65C4-4AD8-82AE-C19C5F4F13CE}.Debug|Any CPU.ActiveCfg = Debug|Any CPU
		{23DBEF6E-65C4-4AD8-82AE-C19C5F4F13CE}.Debug|Any CPU.Build.0 = Debug|Any CPU
		{23DBEF6E-65C4-4AD8-82AE-C19C5F4F13CE}.Release|Any CPU.ActiveCfg = Release|Any CPU
		{23DBEF6E-65C4-4AD8-82AE-C19C5F4F13CE}.Release|Any CPU.Build.0 = Release|Any CPU
		{B9EA8E98-4D61-48B2-96EF-979ED3A5042D}.Debug|Any CPU.ActiveCfg = Debug|Any CPU
		{B9EA8E98-4D61-48B2-96EF-979ED3A5042D}.Debug|Any CPU.Build.0 = Debug|Any CPU
		{B9EA8E98-4D61-48B2-96EF-979ED3A5042D}.Release|Any CPU.ActiveCfg = Release|Any CPU
		{B9EA8E98-4D61-48B2-96EF-979ED3A5042D}.Release|Any CPU.Build.0 = Release|Any CPU
		{D4CD1412-1774-4A94-B914-B0C6FCC2A4C6}.Debug|Any CPU.ActiveCfg = Debug|Any CPU
		{D4CD1412-1774-4A94-B914-B0C6FCC2A4C6}.Debug|Any CPU.Build.0 = Debug|Any CPU
		{D4CD1412-1774-4A94-B914-B0C6FCC2A4C6}.Release|Any CPU.ActiveCfg = Release|Any CPU
		{D4CD1412-1774-4A94-B914-B0C6FCC2A4C6}.Release|Any CPU.Build.0 = Release|Any CPU
		{81FC086E-8A48-42AD-B66D-1801B003624C}.Debug|Any CPU.ActiveCfg = Debug|Any CPU
		{81FC086E-8A48-42AD-B66D-1801B003624C}.Debug|Any CPU.Build.0 = Debug|Any CPU
		{81FC086E-8A48-42AD-B66D-1801B003624C}.Release|Any CPU.ActiveCfg = Release|Any CPU
		{81FC086E-8A48-42AD-B66D-1801B003624C}.Release|Any CPU.Build.0 = Release|Any CPU
		{74EFA88D-F36B-4739-A59E-BE45AFC1F9C0}.Debug|Any CPU.ActiveCfg = Debug|Any CPU
		{74EFA88D-F36B-4739-A59E-BE45AFC1F9C0}.Debug|Any CPU.Build.0 = Debug|Any CPU
		{74EFA88D-F36B-4739-A59E-BE45AFC1F9C0}.Release|Any CPU.ActiveCfg = Release|Any CPU
		{74EFA88D-F36B-4739-A59E-BE45AFC1F9C0}.Release|Any CPU.Build.0 = Release|Any CPU
		{900C73DB-80B7-406C-8901-DC07C27A6587}.Debug|Any CPU.ActiveCfg = Debug|Any CPU
		{900C73DB-80B7-406C-8901-DC07C27A6587}.Debug|Any CPU.Build.0 = Debug|Any CPU
		{900C73DB-80B7-406C-8901-DC07C27A6587}.Release|Any CPU.ActiveCfg = Release|Any CPU
		{900C73DB-80B7-406C-8901-DC07C27A6587}.Release|Any CPU.Build.0 = Release|Any CPU
	EndGlobalSection
	GlobalSection(SolutionProperties) = preSolution
		HideSolutionNode = FALSE
	EndGlobalSection
	GlobalSection(NestedProjects) = preSolution
		{3003092D-6C64-40D2-B4F3-CBC745520A40} = {A2910F94-62AF-4082-A7F8-9F0C1D07E786}
		{97A57CB6-D9C2-4749-BFC5-3C2876EBFAB8} = {A2910F94-62AF-4082-A7F8-9F0C1D07E786}
		{94578EFA-8FDF-4F24-BD13-579A552B9C0E} = {A2910F94-62AF-4082-A7F8-9F0C1D07E786}
		{18FCA44E-2435-452C-BDC0-29E920F61CDC} = {A2910F94-62AF-4082-A7F8-9F0C1D07E786}
		{091A6DEF-EF65-4B8D-A2F5-4D3A3D2D5ACE} = {18FCA44E-2435-452C-BDC0-29E920F61CDC}
		{2F5C7F3D-0EB2-4D7A-B362-E3C888866A48} = {18FCA44E-2435-452C-BDC0-29E920F61CDC}
		{D79C66D2-3EEE-47D6-874C-3CC381C972E8} = {18FCA44E-2435-452C-BDC0-29E920F61CDC}
		{7388D408-5454-4301-BC46-899744E1FE10} = {091A6DEF-EF65-4B8D-A2F5-4D3A3D2D5ACE}
		{D5D9DF0D-01A5-4186-8B04-33CCE2DAC95F} = {091A6DEF-EF65-4B8D-A2F5-4D3A3D2D5ACE}
		{74A17AE4-E369-4FBA-9F4F-650C80A24AAD} = {2F5C7F3D-0EB2-4D7A-B362-E3C888866A48}
		{FF35D66B-DAE5-451A-9B79-EC1D71FE9F85} = {D79C66D2-3EEE-47D6-874C-3CC381C972E8}
		{C3019CA3-0190-40EB-AD95-1927CA7E6FF6} = {D79C66D2-3EEE-47D6-874C-3CC381C972E8}
		{982E797E-2B73-498B-BB51-89B66E0C7BB7} = {A2910F94-62AF-4082-A7F8-9F0C1D07E786}
		{8BA925AB-907D-4F40-90AA-590A1D6407AC} = {982E797E-2B73-498B-BB51-89B66E0C7BB7}
		{7974D665-DDE7-46DA-9D66-9D67D568DDC2} = {982E797E-2B73-498B-BB51-89B66E0C7BB7}
		{402DCD95-FAC3-4ECB-90DA-1049DE850E3F} = {982E797E-2B73-498B-BB51-89B66E0C7BB7}
		{B56DFDEA-539E-4898-BFF4-93791F1B46D6} = {8BA925AB-907D-4F40-90AA-590A1D6407AC}
		{29D821E9-5E16-45C6-9800-97AC1908131A} = {8BA925AB-907D-4F40-90AA-590A1D6407AC}
		{0C1840B2-7C17-4A9F-81EE-BF657A6E7A11} = {7974D665-DDE7-46DA-9D66-9D67D568DDC2}
		{831D8794-6093-405B-9D03-707A456F92EE} = {402DCD95-FAC3-4ECB-90DA-1049DE850E3F}
		{A696C92F-D670-41EA-8EAE-64E1EC8EB1ED} = {402DCD95-FAC3-4ECB-90DA-1049DE850E3F}
		{FE3A6D33-C6D9-439B-9AD6-B10F5EE7F45A} = {A2910F94-62AF-4082-A7F8-9F0C1D07E786}
		{A842E66A-C673-4E94-9D0A-7C41CDC0A27C} = {FE3A6D33-C6D9-439B-9AD6-B10F5EE7F45A}
		{766E4260-7AE1-49B9-96F1-E54D66D3BD47} = {FE3A6D33-C6D9-439B-9AD6-B10F5EE7F45A}
		{709DF07E-309F-4450-B762-CDF8D4899A7F} = {FE3A6D33-C6D9-439B-9AD6-B10F5EE7F45A}
		{5CD7DA69-B2D4-4467-A818-A045B178F1A1} = {A842E66A-C673-4E94-9D0A-7C41CDC0A27C}
		{7C2028C6-D0C7-4225-AEF6-708AEF0437EA} = {A842E66A-C673-4E94-9D0A-7C41CDC0A27C}
		{BF773920-3A6D-426C-A2A0-27B80ED648A9} = {766E4260-7AE1-49B9-96F1-E54D66D3BD47}
		{5EB983AE-BBC2-496F-B613-8AF43CFE6940} = {709DF07E-309F-4450-B762-CDF8D4899A7F}
		{1B7B5D22-6382-4F8C-8A37-B13B8642D221} = {709DF07E-309F-4450-B762-CDF8D4899A7F}
		{C455918A-69A0-4ECA-8FF9-E6CB12487981} = {A2910F94-62AF-4082-A7F8-9F0C1D07E786}
		{51E47F7B-A3B6-4C75-BE4F-2AF1B4F22B17} = {C455918A-69A0-4ECA-8FF9-E6CB12487981}
		{D10EE57B-F88C-4330-913B-C06ADF763D30} = {C455918A-69A0-4ECA-8FF9-E6CB12487981}
		{815A1699-F4D9-4DC5-8D62-B359AA033484} = {C455918A-69A0-4ECA-8FF9-E6CB12487981}
		{AC5BD77E-274B-40AD-8786-DA33DEB10956} = {51E47F7B-A3B6-4C75-BE4F-2AF1B4F22B17}
		{428F7AE7-93E7-469E-9EF4-498155D3B84F} = {51E47F7B-A3B6-4C75-BE4F-2AF1B4F22B17}
		{295ADEE5-F159-459F-B12E-A7A1A0576341} = {D10EE57B-F88C-4330-913B-C06ADF763D30}
		{54CBF407-99F6-44FF-8584-9695419A0E62} = {815A1699-F4D9-4DC5-8D62-B359AA033484}
		{90411897-B048-4CF9-8286-94FD6D6775A0} = {815A1699-F4D9-4DC5-8D62-B359AA033484}
		{498B95FE-EB9F-4E77-8918-5158B267B464} = {A2910F94-62AF-4082-A7F8-9F0C1D07E786}
		{BB6989D1-2D42-4A63-89C0-8344C529A91C} = {498B95FE-EB9F-4E77-8918-5158B267B464}
		{B0C6F7E8-FF25-4029-A804-603C17F8A802} = {498B95FE-EB9F-4E77-8918-5158B267B464}
		{0EEDA3B1-FD5B-43A9-8EC6-6447DC8642BE} = {498B95FE-EB9F-4E77-8918-5158B267B464}
		{8326E7A7-4DBC-4562-8014-D206B5B22C8E} = {BB6989D1-2D42-4A63-89C0-8344C529A91C}
		{DCF813AE-BEC6-47C3-86FE-EB138022DCBD} = {BB6989D1-2D42-4A63-89C0-8344C529A91C}
		{D6066E70-09A3-410E-9877-5854616F4458} = {B0C6F7E8-FF25-4029-A804-603C17F8A802}
		{F698E80D-889E-4A43-97F5-AAB71765C137} = {0EEDA3B1-FD5B-43A9-8EC6-6447DC8642BE}
		{3BA8B221-3835-4C45-8E51-225E15310DBF} = {0EEDA3B1-FD5B-43A9-8EC6-6447DC8642BE}
		{7CC100A1-0C9F-40DA-BDF5-5983FA0A336A} = {A2910F94-62AF-4082-A7F8-9F0C1D07E786}
		{72E61175-D109-4B62-8593-29AF9A75029F} = {7CC100A1-0C9F-40DA-BDF5-5983FA0A336A}
		{BD6D195F-26F3-4E08-8ACF-197A6FEB655F} = {7CC100A1-0C9F-40DA-BDF5-5983FA0A336A}
		{B914DEC7-C097-485D-AF65-CBEE5FE04EF9} = {7CC100A1-0C9F-40DA-BDF5-5983FA0A336A}
		{8323EA1C-8AC4-444B-B10C-8995C14E84A3} = {72E61175-D109-4B62-8593-29AF9A75029F}
		{4688359F-5435-4FC5-A972-F38F4111C4FD} = {72E61175-D109-4B62-8593-29AF9A75029F}
		{23DBEF6E-65C4-4AD8-82AE-C19C5F4F13CE} = {BD6D195F-26F3-4E08-8ACF-197A6FEB655F}
		{B9EA8E98-4D61-48B2-96EF-979ED3A5042D} = {B914DEC7-C097-485D-AF65-CBEE5FE04EF9}
		{D4CD1412-1774-4A94-B914-B0C6FCC2A4C6} = {B914DEC7-C097-485D-AF65-CBEE5FE04EF9}
		{81FC086E-8A48-42AD-B66D-1801B003624C} = {B914DEC7-C097-485D-AF65-CBEE5FE04EF9}
		{8DFCB694-9CF3-421B-B2AC-02686995CD77} = {5A1FD7D1-8279-4D8B-A9A3-00A3C5452361}
		{D08C5016-8958-4CF4-BA5F-0E91562AB870} = {8DFCB694-9CF3-421B-B2AC-02686995CD77}
		{74EFA88D-F36B-4739-A59E-BE45AFC1F9C0} = {D08C5016-8958-4CF4-BA5F-0E91562AB870}
		{C3AD27E3-379E-4361-BEA2-A478C36F10D6} = {8DFCB694-9CF3-421B-B2AC-02686995CD77}
		{900C73DB-80B7-406C-8901-DC07C27A6587} = {C3AD27E3-379E-4361-BEA2-A478C36F10D6}
	EndGlobalSection
	GlobalSection(ExtensibilityGlobals) = postSolution
		SolutionGuid = {E6DE3D81-846C-439A-94DA-CC3181DC26C8}
	EndGlobalSection
EndGlobal
